
Microsoft Visual Studio Solution File, Format Version 12.00
# Visual Studio 15
VisualStudioVersion = 15.0.27130.2010
MinimumVisualStudioVersion = 10.0.40219.1
Project("{9A19103F-16F7-4668-BE54-9A1E7A4F7556}") = "FreeTime.Web", "FreeTime\FreeTime.Web.csproj", "{00788D4E-93F6-4772-93C6-CEE83876811E}"
EndProject
Project("{9A19103F-16F7-4668-BE54-9A1E7A4F7556}") = "FreeTime.Tests", "FreeTime.Tests\FreeTime.Tests.csproj", "{864516E3-41D8-4EED-822B-61F2BE27ADA3}"
EndProject
Project("{FAE04EC0-301F-11D3-BF4B-00C04F79EFBC}") = "FreeTime.SPA", "FreeTime.SPA\FreeTime.SPA.csproj", "{535506D1-577B-4235-ACCC-D4D76537E32E}"
EndProject
Global
	GlobalSection(SolutionConfigurationPlatforms) = preSolution
		Debug|Any CPU = Debug|Any CPU
		Release|Any CPU = Release|Any CPU
	EndGlobalSection
	GlobalSection(ProjectConfigurationPlatforms) = postSolution
		{00788D4E-93F6-4772-93C6-CEE83876811E}.Debug|Any CPU.ActiveCfg = Debug|Any CPU
		{00788D4E-93F6-4772-93C6-CEE83876811E}.Debug|Any CPU.Build.0 = Debug|Any CPU
		{00788D4E-93F6-4772-93C6-CEE83876811E}.Release|Any CPU.ActiveCfg = Release|Any CPU
		{00788D4E-93F6-4772-93C6-CEE83876811E}.Release|Any CPU.Build.0 = Release|Any CPU
		{864516E3-41D8-4EED-822B-61F2BE27ADA3}.Debug|Any CPU.ActiveCfg = Debug|Any CPU
		{864516E3-41D8-4EED-822B-61F2BE27ADA3}.Debug|Any CPU.Build.0 = Debug|Any CPU
		{864516E3-41D8-4EED-822B-61F2BE27ADA3}.Release|Any CPU.ActiveCfg = Release|Any CPU
		{864516E3-41D8-4EED-822B-61F2BE27ADA3}.Release|Any CPU.Build.0 = Release|Any CPU
		{535506D1-577B-4235-ACCC-D4D76537E32E}.Debug|Any CPU.ActiveCfg = Debug|Any CPU
		{535506D1-577B-4235-ACCC-D4D76537E32E}.Debug|Any CPU.Build.0 = Debug|Any CPU
		{535506D1-577B-4235-ACCC-D4D76537E32E}.Release|Any CPU.ActiveCfg = Release|Any CPU
		{535506D1-577B-4235-ACCC-D4D76537E32E}.Release|Any CPU.Build.0 = Release|Any CPU
	EndGlobalSection
	GlobalSection(SolutionProperties) = preSolution
		HideSolutionNode = FALSE
	EndGlobalSection
	GlobalSection(ExtensibilityGlobals) = postSolution
		SolutionGuid = {994A7E95-0106-4791-9F38-4B349971D5D1}
	EndGlobalSection
EndGlobal
